
Microsoft Visual Studio Solution File, Format Version 12.00
# Visual Studio Version 17
VisualStudioVersion = 17.13.35919.96
MinimumVisualStudioVersion = 10.0.40219.1
Project("{FAE04EC0-301F-11D3-BF4B-00C04F79EFBC}") = "ConsoleApp1", "ConsoleApp1\ConsoleApp1.csproj", "{E298A20F-98A4-4AAF-84DC-A5E4D07B2838}"
EndProject
Project("{FAE04EC0-301F-11D3-BF4B-00C04F79EFBC}") = "2-ConsoleExample", "2-ConsoleExample\2-ConsoleExample.csproj", "{FD3E59FF-6C2E-4A1C-87F5-CC8B3F92C493}"
EndProject
Project("{FAE04EC0-301F-11D3-BF4B-00C04F79EFBC}") = "3-ConditionalSatement", "3-ConditionalSatement\3-ConditionalSatement.csproj", "{A9EA4BA9-9D7C-42C5-90C3-65DD4439750E}"
EndProject
Project("{FAE04EC0-301F-11D3-BF4B-00C04F79EFBC}") = "3-Ankita CoffeeShop", "3-Ankita CoffeeShop\3-Ankita CoffeeShop.csproj", "{D16EBBFF-BA30-45B0-891A-8696164B1726}"
EndProject
Project("{FAE04EC0-301F-11D3-BF4B-00C04F79EFBC}") = "4-Inheritance", "4-Inheritance\4-Inheritance.csproj", "{931848BC-235F-4571-92F7-AC260517086B}"
EndProject
Project("{FAE04EC0-301F-11D3-BF4B-00C04F79EFBC}") = "5-interfaces", "5-interfaces\5-interfaces.csproj", "{F7A36CD9-396F-46E1-9E96-E264A508E8FD}"
EndProject
Project("{FAE04EC0-301F-11D3-BF4B-00C04F79EFBC}") = "6-generics", "6-generics\6-generics.csproj", "{EB89A5D0-DC02-4711-984A-C2B36884FB7C}"
EndProject
Project("{FAE04EC0-301F-11D3-BF4B-00C04F79EFBC}") = "7-enum", "7-enum\7-enum.csproj", "{22D3458D-FC37-4103-931C-29C8EB3AF7AF}"
EndProject
Project("{FAE04EC0-301F-11D3-BF4B-00C04F79EFBC}") = "8-extensionmethod", "8-extensionmethod\8-extensionmethod.csproj", "{DAFA5C63-4258-468F-817A-897E3E20967D}"
EndProject
Project("{FAE04EC0-301F-11D3-BF4B-00C04F79EFBC}") = "9-delegates", "9-delegates\9-delegates.csproj", "{7D50F242-C398-4ED0-9B67-A6421DC636C4}"
EndProject
Project("{2150E333-8FDC-42A3-9474-1A3956D46DE8}") = "delegate example", "delegate example", "{02EA681E-C7D8-13C7-8484-4AC65E1B71E8}"
EndProject
Project("{FAE04EC0-301F-11D3-BF4B-00C04F79EFBC}") = "institute library", "institute library\institute library.csproj", "{FD4E5976-0DD2-4DB2-A6C6-C0248A65A97F}"
EndProject
Project("{FAE04EC0-301F-11D3-BF4B-00C04F79EFBC}") = "institutelibraryclient", "institutelibraryclient\institutelibraryclient.csproj", "{1D3FCF2D-266B-4521-8FB4-C79D3956418E}"
EndProject
Project("{FAE04EC0-301F-11D3-BF4B-00C04F79EFBC}") = "10-anonymousmethod", "10-anonymousmethod\10-anonymousmethod.csproj", "{DA6B754E-04A4-4295-A146-2A6ACF763B4D}"
EndProject
Project("{FAE04EC0-301F-11D3-BF4B-00C04F79EFBC}") = "11-lambda expression", "11-lambda expression\11-lambda expression.csproj", "{0DFCF887-5C4D-4639-AFAD-FDFCC0DDCA6A}"
EndProject
Project("{FAE04EC0-301F-11D3-BF4B-00C04F79EFBC}") = "12-genericdelegate", "12-genericdelegate\12-genericdelegate.csproj", "{83D0CF62-061C-40EF-9CAA-94B31F1F9665}"
EndProject
Project("{FAE04EC0-301F-11D3-BF4B-00C04F79EFBC}") = "10-Exceptions", "10-Exceptions\10-Exceptions.csproj", "{2A6B32CE-DF8D-4839-B586-3A9D9DF2A54B}"
EndProject
Project("{FAE04EC0-301F-11D3-BF4B-00C04F79EFBC}") = "11-collectionclasses", "11-collectionclasses\11-collectionclasses.csproj", "{E823073F-10A2-47BD-AC44-9F428C6D3FA4}"
EndProject
Project("{FAE04EC0-301F-11D3-BF4B-00C04F79EFBC}") = "12-genericcollectionclasses", "12-genericcollectionclasses\12-genericcollectionclasses.csproj", "{A9D96B31-C19B-4D4A-9978-10FC44C2CDB6}"
EndProject
Project("{FAE04EC0-301F-11D3-BF4B-00C04F79EFBC}") = "13-list", "13-list\13-list.csproj", "{3C949250-90CD-408B-81B6-D9B3CE6BE531}"
EndProject
Project("{FAE04EC0-301F-11D3-BF4B-00C04F79EFBC}") = "14-lazyloading", "14-lazyloading\14-lazyloading.csproj", "{37FC9568-2136-406A-A2F1-83F8090112D5}"
EndProject
Project("{FAE04EC0-301F-11D3-BF4B-00C04F79EFBC}") = "15-reflection", "15-reflection\15-reflection.csproj", "{F06F4003-1C9E-464C-AAA7-A5A47B2F2013}"
EndProject
Project("{FAE04EC0-301F-11D3-BF4B-00C04F79EFBC}") = "16-yeildkeyword", "16-yeildkeyword\16-yeildkeyword.csproj", "{5A21BD6A-2AB8-418C-B92A-83DA8A44D1ED}"
EndProject
Project("{FAE04EC0-301F-11D3-BF4B-00C04F79EFBC}") = "17-struct", "17-struct\17-struct.csproj", "{DDFE8630-E30E-4737-9FFE-241A8C4B9C65}"
EndProject
Project("{FAE04EC0-301F-11D3-BF4B-00C04F79EFBC}") = "18-record", "18-record\18-record.csproj", "{01899A9D-9D4F-4604-944B-8ADE9212A8EA}"
EndProject
Project("{FAE04EC0-301F-11D3-BF4B-00C04F79EFBC}") = "19-Arraylisttask", "19-Arraylisttask\19-Arraylisttask.csproj", "{78DA422B-D0EB-4D7F-A1EB-116B5DFE6F98}"
EndProject
Project("{FAE04EC0-301F-11D3-BF4B-00C04F79EFBC}") = "20-isaskeyword", "20-isaskeyword\20-isaskeyword.csproj", "{33DB82B7-8E1B-41AA-95C2-EF5E4C1F37E0}"
EndProject
Project("{FAE04EC0-301F-11D3-BF4B-00C04F79EFBC}") = "21-stringbuilder", "21-stringbuilder\21-stringbuilder.csproj", "{F8D48DED-B13A-45BB-89A1-6387B57851A9}"
EndProject
Project("{FAE04EC0-301F-11D3-BF4B-00C04F79EFBC}") = "22-destructor", "22-destructor\22-destructor.csproj", "{3024F8F5-F870-4754-8EB6-7510F8316C56}"
EndProject
Project("{2150E333-8FDC-42A3-9474-1A3956D46DE8}") = "reflection", "reflection", "{8B38E81C-1F04-4F84-AD2F-4BCA9E92231C}"
EndProject
Project("{FAE04EC0-301F-11D3-BF4B-00C04F79EFBC}") = "customerlibrary", "customerlibrary\customerlibrary.csproj", "{BF172F3F-DF17-4A64-8E68-E0A0EEEE6935}"
EndProject
Project("{FAE04EC0-301F-11D3-BF4B-00C04F79EFBC}") = "customerlibraryclient", "customerlibraryclient\customerlibraryclient.csproj", "{A7406F3A-C307-48C0-BBC0-245CB0C8AF7A}"
EndProject
Project("{2150E333-8FDC-42A3-9474-1A3956D46DE8}") = "LINQdemos", "LINQdemos", "{D42E42EA-0A83-49F6-91C3-92F50E78C676}"
EndProject
Project("{FAE04EC0-301F-11D3-BF4B-00C04F79EFBC}") = "1-whylinq", "1-whylinq\1-whylinq.csproj", "{7D40F5FD-3CB3-4BAB-B597-53CB73EFEEBF}"
EndProject
Project("{FAE04EC0-301F-11D3-BF4B-00C04F79EFBC}") = "2-filteringoperators", "2-filteringoperators\2-filteringoperators.csproj", "{24CBE216-07FE-4693-8E48-10F5DB60F111}"
EndProject
Project("{FAE04EC0-301F-11D3-BF4B-00C04F79EFBC}") = "3-cartask", "3-cartask\3-cartask.csproj", "{2ADBB0D6-7C45-4078-8D01-E557A99237FA}"
EndProject
Project("{FAE04EC0-301F-11D3-BF4B-00C04F79EFBC}") = "4-sortingoperator", "4-sortingoperator\4-sortingoperator.csproj", "{19CA3AB2-4454-4026-8390-F54C37B85736}"
EndProject
Project("{FAE04EC0-301F-11D3-BF4B-00C04F79EFBC}") = "5-groupingoperator", "5-groupingoperator\5-groupingoperator.csproj", "{9F5F82B4-8F9F-4CF1-B167-92C69CFB0881}"
EndProject
Project("{FAE04EC0-301F-11D3-BF4B-00C04F79EFBC}") = "6-generationoperator", "6-generationoperator\6-generationoperator.csproj", "{9AA2A290-131D-412D-9680-3C09E81DC4E8}"
EndProject
Project("{FAE04EC0-301F-11D3-BF4B-00C04F79EFBC}") = "7-projectionoperator", "7-projectionoperator\7-projectionoperator.csproj", "{0049283D-47E5-493B-9484-31251B2F60E3}"
EndProject
Project("{FAE04EC0-301F-11D3-BF4B-00C04F79EFBC}") = "8-Aggregationoperator", "8-Aggregationoperator\8-Aggregationoperator.csproj", "{56A71CA2-ED5D-47B0-BD7C-F581FDCC55A6}"
EndProject
Project("{FAE04EC0-301F-11D3-BF4B-00C04F79EFBC}") = "9-QuantifiersOperator", "9-QuantifiersOperator\9-QuantifiersOperator.csproj", "{DFEA65F2-9BB8-47E4-B0B9-348856AC4763}"
EndProject
Project("{FAE04EC0-301F-11D3-BF4B-00C04F79EFBC}") = "10-ElementsOperator", "10-ElementsOperator\10-ElementsOperator.csproj", "{1CD29B41-AE15-45A1-8DD4-A2C73B1FD42E}"
EndProject
Project("{FAE04EC0-301F-11D3-BF4B-00C04F79EFBC}") = "11-SetOperator", "11-SetOperator\11-SetOperator.csproj", "{CB8F4639-C4CC-453B-9E20-4B9AA791098E}"
EndProject
Project("{FAE04EC0-301F-11D3-BF4B-00C04F79EFBC}") = "12-PartitioningOperator", "12-PartitioningOperator\12-PartitioningOperator.csproj", "{E0E64D16-2BAE-440D-B67C-E86E6A425DFD}"
EndProject
Project("{FAE04EC0-301F-11D3-BF4B-00C04F79EFBC}") = "13-ConversionOperator", "13-ConversionOperator\13-ConversionOperator.csproj", "{A9F4083C-0B63-4AFB-8A89-47EC2A734C2D}"
EndProject
Project("{FAE04EC0-301F-11D3-BF4B-00C04F79EFBC}") = "14-joinOperator", "14-joinOperator\14-joinOperator.csproj", "{A654D773-7B08-4FD3-B131-C8C5C1AFFB3F}"
EndProject
Project("{2150E333-8FDC-42A3-9474-1A3956D46DE8}") = "Solution Items", "Solution Items", "{8EC462FD-D22E-90A8-E5CE-7E832BA40C5D}"
	ProjectSection(SolutionItems) = preProject
		GitDemo.txt = GitDemo.txt
	EndProjectSection
EndProject
Global
	GlobalSection(SolutionConfigurationPlatforms) = preSolution
		Debug|Any CPU = Debug|Any CPU
		Release|Any CPU = Release|Any CPU
	EndGlobalSection
	GlobalSection(ProjectConfigurationPlatforms) = postSolution
		{E298A20F-98A4-4AAF-84DC-A5E4D07B2838}.Debug|Any CPU.ActiveCfg = Debug|Any CPU
		{E298A20F-98A4-4AAF-84DC-A5E4D07B2838}.Debug|Any CPU.Build.0 = Debug|Any CPU
		{E298A20F-98A4-4AAF-84DC-A5E4D07B2838}.Release|Any CPU.ActiveCfg = Release|Any CPU
		{E298A20F-98A4-4AAF-84DC-A5E4D07B2838}.Release|Any CPU.Build.0 = Release|Any CPU
		{FD3E59FF-6C2E-4A1C-87F5-CC8B3F92C493}.Debug|Any CPU.ActiveCfg = Debug|Any CPU
		{FD3E59FF-6C2E-4A1C-87F5-CC8B3F92C493}.Debug|Any CPU.Build.0 = Debug|Any CPU
		{FD3E59FF-6C2E-4A1C-87F5-CC8B3F92C493}.Release|Any CPU.ActiveCfg = Release|Any CPU
		{FD3E59FF-6C2E-4A1C-87F5-CC8B3F92C493}.Release|Any CPU.Build.0 = Release|Any CPU
		{A9EA4BA9-9D7C-42C5-90C3-65DD4439750E}.Debug|Any CPU.ActiveCfg = Debug|Any CPU
		{A9EA4BA9-9D7C-42C5-90C3-65DD4439750E}.Debug|Any CPU.Build.0 = Debug|Any CPU
		{A9EA4BA9-9D7C-42C5-90C3-65DD4439750E}.Release|Any CPU.ActiveCfg = Release|Any CPU
		{A9EA4BA9-9D7C-42C5-90C3-65DD4439750E}.Release|Any CPU.Build.0 = Release|Any CPU
		{D16EBBFF-BA30-45B0-891A-8696164B1726}.Debug|Any CPU.ActiveCfg = Debug|Any CPU
		{D16EBBFF-BA30-45B0-891A-8696164B1726}.Debug|Any CPU.Build.0 = Debug|Any CPU
		{D16EBBFF-BA30-45B0-891A-8696164B1726}.Release|Any CPU.ActiveCfg = Release|Any CPU
		{D16EBBFF-BA30-45B0-891A-8696164B1726}.Release|Any CPU.Build.0 = Release|Any CPU
		{931848BC-235F-4571-92F7-AC260517086B}.Debug|Any CPU.ActiveCfg = Debug|Any CPU
		{931848BC-235F-4571-92F7-AC260517086B}.Debug|Any CPU.Build.0 = Debug|Any CPU
		{931848BC-235F-4571-92F7-AC260517086B}.Release|Any CPU.ActiveCfg = Release|Any CPU
		{931848BC-235F-4571-92F7-AC260517086B}.Release|Any CPU.Build.0 = Release|Any CPU
		{F7A36CD9-396F-46E1-9E96-E264A508E8FD}.Debug|Any CPU.ActiveCfg = Debug|Any CPU
		{F7A36CD9-396F-46E1-9E96-E264A508E8FD}.Debug|Any CPU.Build.0 = Debug|Any CPU
		{F7A36CD9-396F-46E1-9E96-E264A508E8FD}.Release|Any CPU.ActiveCfg = Release|Any CPU
		{F7A36CD9-396F-46E1-9E96-E264A508E8FD}.Release|Any CPU.Build.0 = Release|Any CPU
		{EB89A5D0-DC02-4711-984A-C2B36884FB7C}.Debug|Any CPU.ActiveCfg = Debug|Any CPU
		{EB89A5D0-DC02-4711-984A-C2B36884FB7C}.Debug|Any CPU.Build.0 = Debug|Any CPU
		{EB89A5D0-DC02-4711-984A-C2B36884FB7C}.Release|Any CPU.ActiveCfg = Release|Any CPU
		{EB89A5D0-DC02-4711-984A-C2B36884FB7C}.Release|Any CPU.Build.0 = Release|Any CPU
		{22D3458D-FC37-4103-931C-29C8EB3AF7AF}.Debug|Any CPU.ActiveCfg = Debug|Any CPU
		{22D3458D-FC37-4103-931C-29C8EB3AF7AF}.Debug|Any CPU.Build.0 = Debug|Any CPU
		{22D3458D-FC37-4103-931C-29C8EB3AF7AF}.Release|Any CPU.ActiveCfg = Release|Any CPU
		{22D3458D-FC37-4103-931C-29C8EB3AF7AF}.Release|Any CPU.Build.0 = Release|Any CPU
		{DAFA5C63-4258-468F-817A-897E3E20967D}.Debug|Any CPU.ActiveCfg = Debug|Any CPU
		{DAFA5C63-4258-468F-817A-897E3E20967D}.Debug|Any CPU.Build.0 = Debug|Any CPU
		{DAFA5C63-4258-468F-817A-897E3E20967D}.Release|Any CPU.ActiveCfg = Release|Any CPU
		{DAFA5C63-4258-468F-817A-897E3E20967D}.Release|Any CPU.Build.0 = Release|Any CPU
		{7D50F242-C398-4ED0-9B67-A6421DC636C4}.Debug|Any CPU.ActiveCfg = Debug|Any CPU
		{7D50F242-C398-4ED0-9B67-A6421DC636C4}.Debug|Any CPU.Build.0 = Debug|Any CPU
		{7D50F242-C398-4ED0-9B67-A6421DC636C4}.Release|Any CPU.ActiveCfg = Release|Any CPU
		{7D50F242-C398-4ED0-9B67-A6421DC636C4}.Release|Any CPU.Build.0 = Release|Any CPU
		{FD4E5976-0DD2-4DB2-A6C6-C0248A65A97F}.Debug|Any CPU.ActiveCfg = Debug|Any CPU
		{FD4E5976-0DD2-4DB2-A6C6-C0248A65A97F}.Debug|Any CPU.Build.0 = Debug|Any CPU
		{FD4E5976-0DD2-4DB2-A6C6-C0248A65A97F}.Release|Any CPU.ActiveCfg = Release|Any CPU
		{FD4E5976-0DD2-4DB2-A6C6-C0248A65A97F}.Release|Any CPU.Build.0 = Release|Any CPU
		{1D3FCF2D-266B-4521-8FB4-C79D3956418E}.Debug|Any CPU.ActiveCfg = Debug|Any CPU
		{1D3FCF2D-266B-4521-8FB4-C79D3956418E}.Debug|Any CPU.Build.0 = Debug|Any CPU
		{1D3FCF2D-266B-4521-8FB4-C79D3956418E}.Release|Any CPU.ActiveCfg = Release|Any CPU
		{1D3FCF2D-266B-4521-8FB4-C79D3956418E}.Release|Any CPU.Build.0 = Release|Any CPU
		{DA6B754E-04A4-4295-A146-2A6ACF763B4D}.Debug|Any CPU.ActiveCfg = Debug|Any CPU
		{DA6B754E-04A4-4295-A146-2A6ACF763B4D}.Debug|Any CPU.Build.0 = Debug|Any CPU
		{DA6B754E-04A4-4295-A146-2A6ACF763B4D}.Release|Any CPU.ActiveCfg = Release|Any CPU
		{DA6B754E-04A4-4295-A146-2A6ACF763B4D}.Release|Any CPU.Build.0 = Release|Any CPU
		{0DFCF887-5C4D-4639-AFAD-FDFCC0DDCA6A}.Debug|Any CPU.ActiveCfg = Debug|Any CPU
		{0DFCF887-5C4D-4639-AFAD-FDFCC0DDCA6A}.Debug|Any CPU.Build.0 = Debug|Any CPU
		{0DFCF887-5C4D-4639-AFAD-FDFCC0DDCA6A}.Release|Any CPU.ActiveCfg = Release|Any CPU
		{0DFCF887-5C4D-4639-AFAD-FDFCC0DDCA6A}.Release|Any CPU.Build.0 = Release|Any CPU
		{83D0CF62-061C-40EF-9CAA-94B31F1F9665}.Debug|Any CPU.ActiveCfg = Debug|Any CPU
		{83D0CF62-061C-40EF-9CAA-94B31F1F9665}.Debug|Any CPU.Build.0 = Debug|Any CPU
		{83D0CF62-061C-40EF-9CAA-94B31F1F9665}.Release|Any CPU.ActiveCfg = Release|Any CPU
		{83D0CF62-061C-40EF-9CAA-94B31F1F9665}.Release|Any CPU.Build.0 = Release|Any CPU
		{2A6B32CE-DF8D-4839-B586-3A9D9DF2A54B}.Debug|Any CPU.ActiveCfg = Debug|Any CPU
		{2A6B32CE-DF8D-4839-B586-3A9D9DF2A54B}.Debug|Any CPU.Build.0 = Debug|Any CPU
		{2A6B32CE-DF8D-4839-B586-3A9D9DF2A54B}.Release|Any CPU.ActiveCfg = Release|Any CPU
		{2A6B32CE-DF8D-4839-B586-3A9D9DF2A54B}.Release|Any CPU.Build.0 = Release|Any CPU
		{E823073F-10A2-47BD-AC44-9F428C6D3FA4}.Debug|Any CPU.ActiveCfg = Debug|Any CPU
		{E823073F-10A2-47BD-AC44-9F428C6D3FA4}.Debug|Any CPU.Build.0 = Debug|Any CPU
		{E823073F-10A2-47BD-AC44-9F428C6D3FA4}.Release|Any CPU.ActiveCfg = Release|Any CPU
		{E823073F-10A2-47BD-AC44-9F428C6D3FA4}.Release|Any CPU.Build.0 = Release|Any CPU
		{A9D96B31-C19B-4D4A-9978-10FC44C2CDB6}.Debug|Any CPU.ActiveCfg = Debug|Any CPU
		{A9D96B31-C19B-4D4A-9978-10FC44C2CDB6}.Debug|Any CPU.Build.0 = Debug|Any CPU
		{A9D96B31-C19B-4D4A-9978-10FC44C2CDB6}.Release|Any CPU.ActiveCfg = Release|Any CPU
		{A9D96B31-C19B-4D4A-9978-10FC44C2CDB6}.Release|Any CPU.Build.0 = Release|Any CPU
		{3C949250-90CD-408B-81B6-D9B3CE6BE531}.Debug|Any CPU.ActiveCfg = Debug|Any CPU
		{3C949250-90CD-408B-81B6-D9B3CE6BE531}.Debug|Any CPU.Build.0 = Debug|Any CPU
		{3C949250-90CD-408B-81B6-D9B3CE6BE531}.Release|Any CPU.ActiveCfg = Release|Any CPU
		{3C949250-90CD-408B-81B6-D9B3CE6BE531}.Release|Any CPU.Build.0 = Release|Any CPU
		{37FC9568-2136-406A-A2F1-83F8090112D5}.Debug|Any CPU.ActiveCfg = Debug|Any CPU
		{37FC9568-2136-406A-A2F1-83F8090112D5}.Debug|Any CPU.Build.0 = Debug|Any CPU
		{37FC9568-2136-406A-A2F1-83F8090112D5}.Release|Any CPU.ActiveCfg = Release|Any CPU
		{37FC9568-2136-406A-A2F1-83F8090112D5}.Release|Any CPU.Build.0 = Release|Any CPU
		{F06F4003-1C9E-464C-AAA7-A5A47B2F2013}.Debug|Any CPU.ActiveCfg = Debug|Any CPU
		{F06F4003-1C9E-464C-AAA7-A5A47B2F2013}.Debug|Any CPU.Build.0 = Debug|Any CPU
		{F06F4003-1C9E-464C-AAA7-A5A47B2F2013}.Release|Any CPU.ActiveCfg = Release|Any CPU
		{F06F4003-1C9E-464C-AAA7-A5A47B2F2013}.Release|Any CPU.Build.0 = Release|Any CPU
		{5A21BD6A-2AB8-418C-B92A-83DA8A44D1ED}.Debug|Any CPU.ActiveCfg = Debug|Any CPU
		{5A21BD6A-2AB8-418C-B92A-83DA8A44D1ED}.Debug|Any CPU.Build.0 = Debug|Any CPU
		{5A21BD6A-2AB8-418C-B92A-83DA8A44D1ED}.Release|Any CPU.ActiveCfg = Release|Any CPU
		{5A21BD6A-2AB8-418C-B92A-83DA8A44D1ED}.Release|Any CPU.Build.0 = Release|Any CPU
		{DDFE8630-E30E-4737-9FFE-241A8C4B9C65}.Debug|Any CPU.ActiveCfg = Debug|Any CPU
		{DDFE8630-E30E-4737-9FFE-241A8C4B9C65}.Debug|Any CPU.Build.0 = Debug|Any CPU
		{DDFE8630-E30E-4737-9FFE-241A8C4B9C65}.Release|Any CPU.ActiveCfg = Release|Any CPU
		{DDFE8630-E30E-4737-9FFE-241A8C4B9C65}.Release|Any CPU.Build.0 = Release|Any CPU
		{01899A9D-9D4F-4604-944B-8ADE9212A8EA}.Debug|Any CPU.ActiveCfg = Debug|Any CPU
		{01899A9D-9D4F-4604-944B-8ADE9212A8EA}.Debug|Any CPU.Build.0 = Debug|Any CPU
		{01899A9D-9D4F-4604-944B-8ADE9212A8EA}.Release|Any CPU.ActiveCfg = Release|Any CPU
		{01899A9D-9D4F-4604-944B-8ADE9212A8EA}.Release|Any CPU.Build.0 = Release|Any CPU
		{78DA422B-D0EB-4D7F-A1EB-116B5DFE6F98}.Debug|Any CPU.ActiveCfg = Debug|Any CPU
		{78DA422B-D0EB-4D7F-A1EB-116B5DFE6F98}.Debug|Any CPU.Build.0 = Debug|Any CPU
		{78DA422B-D0EB-4D7F-A1EB-116B5DFE6F98}.Release|Any CPU.ActiveCfg = Release|Any CPU
		{78DA422B-D0EB-4D7F-A1EB-116B5DFE6F98}.Release|Any CPU.Build.0 = Release|Any CPU
		{33DB82B7-8E1B-41AA-95C2-EF5E4C1F37E0}.Debug|Any CPU.ActiveCfg = Debug|Any CPU
		{33DB82B7-8E1B-41AA-95C2-EF5E4C1F37E0}.Debug|Any CPU.Build.0 = Debug|Any CPU
		{33DB82B7-8E1B-41AA-95C2-EF5E4C1F37E0}.Release|Any CPU.ActiveCfg = Release|Any CPU
		{33DB82B7-8E1B-41AA-95C2-EF5E4C1F37E0}.Release|Any CPU.Build.0 = Release|Any CPU
		{F8D48DED-B13A-45BB-89A1-6387B57851A9}.Debug|Any CPU.ActiveCfg = Debug|Any CPU
		{F8D48DED-B13A-45BB-89A1-6387B57851A9}.Debug|Any CPU.Build.0 = Debug|Any CPU
		{F8D48DED-B13A-45BB-89A1-6387B57851A9}.Release|Any CPU.ActiveCfg = Release|Any CPU
		{F8D48DED-B13A-45BB-89A1-6387B57851A9}.Release|Any CPU.Build.0 = Release|Any CPU
		{3024F8F5-F870-4754-8EB6-7510F8316C56}.Debug|Any CPU.ActiveCfg = Debug|Any CPU
		{3024F8F5-F870-4754-8EB6-7510F8316C56}.Debug|Any CPU.Build.0 = Debug|Any CPU
		{3024F8F5-F870-4754-8EB6-7510F8316C56}.Release|Any CPU.ActiveCfg = Release|Any CPU
		{3024F8F5-F870-4754-8EB6-7510F8316C56}.Release|Any CPU.Build.0 = Release|Any CPU
		{BF172F3F-DF17-4A64-8E68-E0A0EEEE6935}.Debug|Any CPU.ActiveCfg = Debug|Any CPU
		{BF172F3F-DF17-4A64-8E68-E0A0EEEE6935}.Debug|Any CPU.Build.0 = Debug|Any CPU
		{BF172F3F-DF17-4A64-8E68-E0A0EEEE6935}.Release|Any CPU.ActiveCfg = Release|Any CPU
		{BF172F3F-DF17-4A64-8E68-E0A0EEEE6935}.Release|Any CPU.Build.0 = Release|Any CPU
		{A7406F3A-C307-48C0-BBC0-245CB0C8AF7A}.Debug|Any CPU.ActiveCfg = Debug|Any CPU
		{A7406F3A-C307-48C0-BBC0-245CB0C8AF7A}.Debug|Any CPU.Build.0 = Debug|Any CPU
		{A7406F3A-C307-48C0-BBC0-245CB0C8AF7A}.Release|Any CPU.ActiveCfg = Release|Any CPU
		{A7406F3A-C307-48C0-BBC0-245CB0C8AF7A}.Release|Any CPU.Build.0 = Release|Any CPU
		{7D40F5FD-3CB3-4BAB-B597-53CB73EFEEBF}.Debug|Any CPU.ActiveCfg = Debug|Any CPU
		{7D40F5FD-3CB3-4BAB-B597-53CB73EFEEBF}.Debug|Any CPU.Build.0 = Debug|Any CPU
		{7D40F5FD-3CB3-4BAB-B597-53CB73EFEEBF}.Release|Any CPU.ActiveCfg = Release|Any CPU
		{7D40F5FD-3CB3-4BAB-B597-53CB73EFEEBF}.Release|Any CPU.Build.0 = Release|Any CPU
		{24CBE216-07FE-4693-8E48-10F5DB60F111}.Debug|Any CPU.ActiveCfg = Debug|Any CPU
		{24CBE216-07FE-4693-8E48-10F5DB60F111}.Debug|Any CPU.Build.0 = Debug|Any CPU
		{24CBE216-07FE-4693-8E48-10F5DB60F111}.Release|Any CPU.ActiveCfg = Release|Any CPU
		{24CBE216-07FE-4693-8E48-10F5DB60F111}.Release|Any CPU.Build.0 = Release|Any CPU
		{2ADBB0D6-7C45-4078-8D01-E557A99237FA}.Debug|Any CPU.ActiveCfg = Debug|Any CPU
		{2ADBB0D6-7C45-4078-8D01-E557A99237FA}.Debug|Any CPU.Build.0 = Debug|Any CPU
		{2ADBB0D6-7C45-4078-8D01-E557A99237FA}.Release|Any CPU.ActiveCfg = Release|Any CPU
		{2ADBB0D6-7C45-4078-8D01-E557A99237FA}.Release|Any CPU.Build.0 = Release|Any CPU
		{19CA3AB2-4454-4026-8390-F54C37B85736}.Debug|Any CPU.ActiveCfg = Debug|Any CPU
		{19CA3AB2-4454-4026-8390-F54C37B85736}.Debug|Any CPU.Build.0 = Debug|Any CPU
		{19CA3AB2-4454-4026-8390-F54C37B85736}.Release|Any CPU.ActiveCfg = Release|Any CPU
		{19CA3AB2-4454-4026-8390-F54C37B85736}.Release|Any CPU.Build.0 = Release|Any CPU
		{9F5F82B4-8F9F-4CF1-B167-92C69CFB0881}.Debug|Any CPU.ActiveCfg = Debug|Any CPU
		{9F5F82B4-8F9F-4CF1-B167-92C69CFB0881}.Debug|Any CPU.Build.0 = Debug|Any CPU
		{9F5F82B4-8F9F-4CF1-B167-92C69CFB0881}.Release|Any CPU.ActiveCfg = Release|Any CPU
		{9F5F82B4-8F9F-4CF1-B167-92C69CFB0881}.Release|Any CPU.Build.0 = Release|Any CPU
		{9AA2A290-131D-412D-9680-3C09E81DC4E8}.Debug|Any CPU.ActiveCfg = Debug|Any CPU
		{9AA2A290-131D-412D-9680-3C09E81DC4E8}.Debug|Any CPU.Build.0 = Debug|Any CPU
		{9AA2A290-131D-412D-9680-3C09E81DC4E8}.Release|Any CPU.ActiveCfg = Release|Any CPU
		{9AA2A290-131D-412D-9680-3C09E81DC4E8}.Release|Any CPU.Build.0 = Release|Any CPU
		{0049283D-47E5-493B-9484-31251B2F60E3}.Debug|Any CPU.ActiveCfg = Debug|Any CPU
		{0049283D-47E5-493B-9484-31251B2F60E3}.Debug|Any CPU.Build.0 = Debug|Any CPU
		{0049283D-47E5-493B-9484-31251B2F60E3}.Release|Any CPU.ActiveCfg = Release|Any CPU
		{0049283D-47E5-493B-9484-31251B2F60E3}.Release|Any CPU.Build.0 = Release|Any CPU
		{56A71CA2-ED5D-47B0-BD7C-F581FDCC55A6}.Debug|Any CPU.ActiveCfg = Debug|Any CPU
		{56A71CA2-ED5D-47B0-BD7C-F581FDCC55A6}.Debug|Any CPU.Build.0 = Debug|Any CPU
		{56A71CA2-ED5D-47B0-BD7C-F581FDCC55A6}.Release|Any CPU.ActiveCfg = Release|Any CPU
		{56A71CA2-ED5D-47B0-BD7C-F581FDCC55A6}.Release|Any CPU.Build.0 = Release|Any CPU
		{DFEA65F2-9BB8-47E4-B0B9-348856AC4763}.Debug|Any CPU.ActiveCfg = Debug|Any CPU
		{DFEA65F2-9BB8-47E4-B0B9-348856AC4763}.Debug|Any CPU.Build.0 = Debug|Any CPU
		{DFEA65F2-9BB8-47E4-B0B9-348856AC4763}.Release|Any CPU.ActiveCfg = Release|Any CPU
		{DFEA65F2-9BB8-47E4-B0B9-348856AC4763}.Release|Any CPU.Build.0 = Release|Any CPU
		{1CD29B41-AE15-45A1-8DD4-A2C73B1FD42E}.Debug|Any CPU.ActiveCfg = Debug|Any CPU
		{1CD29B41-AE15-45A1-8DD4-A2C73B1FD42E}.Debug|Any CPU.Build.0 = Debug|Any CPU
		{1CD29B41-AE15-45A1-8DD4-A2C73B1FD42E}.Release|Any CPU.ActiveCfg = Release|Any CPU
		{1CD29B41-AE15-45A1-8DD4-A2C73B1FD42E}.Release|Any CPU.Build.0 = Release|Any CPU
		{CB8F4639-C4CC-453B-9E20-4B9AA791098E}.Debug|Any CPU.ActiveCfg = Debug|Any CPU
		{CB8F4639-C4CC-453B-9E20-4B9AA791098E}.Debug|Any CPU.Build.0 = Debug|Any CPU
		{CB8F4639-C4CC-453B-9E20-4B9AA791098E}.Release|Any CPU.ActiveCfg = Release|Any CPU
		{CB8F4639-C4CC-453B-9E20-4B9AA791098E}.Release|Any CPU.Build.0 = Release|Any CPU
		{E0E64D16-2BAE-440D-B67C-E86E6A425DFD}.Debug|Any CPU.ActiveCfg = Debug|Any CPU
		{E0E64D16-2BAE-440D-B67C-E86E6A425DFD}.Debug|Any CPU.Build.0 = Debug|Any CPU
		{E0E64D16-2BAE-440D-B67C-E86E6A425DFD}.Release|Any CPU.ActiveCfg = Release|Any CPU
		{E0E64D16-2BAE-440D-B67C-E86E6A425DFD}.Release|Any CPU.Build.0 = Release|Any CPU
		{A9F4083C-0B63-4AFB-8A89-47EC2A734C2D}.Debug|Any CPU.ActiveCfg = Debug|Any CPU
		{A9F4083C-0B63-4AFB-8A89-47EC2A734C2D}.Debug|Any CPU.Build.0 = Debug|Any CPU
		{A9F4083C-0B63-4AFB-8A89-47EC2A734C2D}.Release|Any CPU.ActiveCfg = Release|Any CPU
		{A9F4083C-0B63-4AFB-8A89-47EC2A734C2D}.Release|Any CPU.Build.0 = Release|Any CPU
		{A654D773-7B08-4FD3-B131-C8C5C1AFFB3F}.Debug|Any CPU.ActiveCfg = Debug|Any CPU
		{A654D773-7B08-4FD3-B131-C8C5C1AFFB3F}.Debug|Any CPU.Build.0 = Debug|Any CPU
		{A654D773-7B08-4FD3-B131-C8C5C1AFFB3F}.Release|Any CPU.ActiveCfg = Release|Any CPU
		{A654D773-7B08-4FD3-B131-C8C5C1AFFB3F}.Release|Any CPU.Build.0 = Release|Any CPU
	EndGlobalSection
	GlobalSection(SolutionProperties) = preSolution
		HideSolutionNode = FALSE
	EndGlobalSection
	GlobalSection(NestedProjects) = preSolution
		{FD4E5976-0DD2-4DB2-A6C6-C0248A65A97F} = {02EA681E-C7D8-13C7-8484-4AC65E1B71E8}
		{1D3FCF2D-266B-4521-8FB4-C79D3956418E} = {02EA681E-C7D8-13C7-8484-4AC65E1B71E8}
		{DA6B754E-04A4-4295-A146-2A6ACF763B4D} = {02EA681E-C7D8-13C7-8484-4AC65E1B71E8}
		{0DFCF887-5C4D-4639-AFAD-FDFCC0DDCA6A} = {02EA681E-C7D8-13C7-8484-4AC65E1B71E8}
		{83D0CF62-061C-40EF-9CAA-94B31F1F9665} = {02EA681E-C7D8-13C7-8484-4AC65E1B71E8}
		{BF172F3F-DF17-4A64-8E68-E0A0EEEE6935} = {8B38E81C-1F04-4F84-AD2F-4BCA9E92231C}
		{A7406F3A-C307-48C0-BBC0-245CB0C8AF7A} = {8B38E81C-1F04-4F84-AD2F-4BCA9E92231C}
		{7D40F5FD-3CB3-4BAB-B597-53CB73EFEEBF} = {D42E42EA-0A83-49F6-91C3-92F50E78C676}
		{24CBE216-07FE-4693-8E48-10F5DB60F111} = {D42E42EA-0A83-49F6-91C3-92F50E78C676}
		{2ADBB0D6-7C45-4078-8D01-E557A99237FA} = {D42E42EA-0A83-49F6-91C3-92F50E78C676}
		{19CA3AB2-4454-4026-8390-F54C37B85736} = {D42E42EA-0A83-49F6-91C3-92F50E78C676}
		{9F5F82B4-8F9F-4CF1-B167-92C69CFB0881} = {D42E42EA-0A83-49F6-91C3-92F50E78C676}
		{9AA2A290-131D-412D-9680-3C09E81DC4E8} = {D42E42EA-0A83-49F6-91C3-92F50E78C676}
		{0049283D-47E5-493B-9484-31251B2F60E3} = {D42E42EA-0A83-49F6-91C3-92F50E78C676}
		{56A71CA2-ED5D-47B0-BD7C-F581FDCC55A6} = {D42E42EA-0A83-49F6-91C3-92F50E78C676}
		{DFEA65F2-9BB8-47E4-B0B9-348856AC4763} = {D42E42EA-0A83-49F6-91C3-92F50E78C676}
		{1CD29B41-AE15-45A1-8DD4-A2C73B1FD42E} = {D42E42EA-0A83-49F6-91C3-92F50E78C676}
		{CB8F4639-C4CC-453B-9E20-4B9AA791098E} = {D42E42EA-0A83-49F6-91C3-92F50E78C676}
		{E0E64D16-2BAE-440D-B67C-E86E6A425DFD} = {D42E42EA-0A83-49F6-91C3-92F50E78C676}
		{A9F4083C-0B63-4AFB-8A89-47EC2A734C2D} = {D42E42EA-0A83-49F6-91C3-92F50E78C676}
		{A654D773-7B08-4FD3-B131-C8C5C1AFFB3F} = {D42E42EA-0A83-49F6-91C3-92F50E78C676}
	EndGlobalSection
	GlobalSection(ExtensibilityGlobals) = postSolution
		SolutionGuid = {D9E5C716-B5C6-483D-B0E1-16F2E8D6BCE0}
	EndGlobalSection
EndGlobal
